
Microsoft Visual Studio Solution File, Format Version 12.00
# Visual Studio Version 17
VisualStudioVersion = 17.1.32210.238
MinimumVisualStudioVersion = 10.0.40219.1
Project("{8BC9CEB8-8B4A-11D0-8D11-00A0C91BC942}") = "TcpProject", "TcpProject\TcpProject.vcxproj", "{65E0B44B-7023-4A14-8C75-BE9021BBD041}"
EndProject
Project("{8BC9CEB8-8B4A-11D0-8D11-00A0C91BC942}") = "server", "server\server.vcxproj", "{58DFF45B-9873-4D7C-BDB0-E772D22E5146}"
EndProject
Project("{8BC9CEB8-8B4A-11D0-8D11-00A0C91BC942}") = "client", "client\client.vcxproj", "{C8F5CB8F-D541-4E0D-8E7D-69FDAA107843}"
EndProject
Project("{8BC9CEB8-8B4A-11D0-8D11-00A0C91BC942}") = "tread", "tread\tread.vcxproj", "{12F2D16A-E382-4B0A-B027-B47D2568749A}"
EndProject
Project("{8BC9CEB8-8B4A-11D0-8D11-00A0C91BC942}") = "MultiThreadServer", "MultiThreadServer\MultiThreadServer.vcxproj", "{61721516-5EDA-4EB7-8CA1-FCBF1BC4E611}"
EndProject
Project("{8BC9CEB8-8B4A-11D0-8D11-00A0C91BC942}") = "UDPclient", "UDPclient\UDPclient.vcxproj", "{E25D5D2F-8CB1-42FA-9EDB-074B0C071E12}"
EndProject
Project("{8BC9CEB8-8B4A-11D0-8D11-00A0C91BC942}") = "UDPserver", "UDPserver\UDPserver.vcxproj", "{FEDAF9B2-983A-4A3D-B239-BF91DC4AAA53}"
EndProject
Project("{8BC9CEB8-8B4A-11D0-8D11-00A0C91BC942}") = "OVERLAPPED_IO_SERVER", "OVERLAPPED_IO_SERVER\OVERLAPPED_IO_SERVER.vcxproj", "{3BA5B7C9-5C6A-451B-A7B9-566FC6EF7CF1}"
EndProject
Global
	GlobalSection(SolutionConfigurationPlatforms) = preSolution
		Debug|x64 = Debug|x64
		Debug|x86 = Debug|x86
		Release|x64 = Release|x64
		Release|x86 = Release|x86
	EndGlobalSection
	GlobalSection(ProjectConfigurationPlatforms) = postSolution
		{65E0B44B-7023-4A14-8C75-BE9021BBD041}.Debug|x64.ActiveCfg = Debug|x64
		{65E0B44B-7023-4A14-8C75-BE9021BBD041}.Debug|x64.Build.0 = Debug|x64
		{65E0B44B-7023-4A14-8C75-BE9021BBD041}.Debug|x86.ActiveCfg = Debug|Win32
		{65E0B44B-7023-4A14-8C75-BE9021BBD041}.Debug|x86.Build.0 = Debug|Win32
		{65E0B44B-7023-4A14-8C75-BE9021BBD041}.Release|x64.ActiveCfg = Release|x64
		{65E0B44B-7023-4A14-8C75-BE9021BBD041}.Release|x64.Build.0 = Release|x64
		{65E0B44B-7023-4A14-8C75-BE9021BBD041}.Release|x86.ActiveCfg = Release|Win32
		{65E0B44B-7023-4A14-8C75-BE9021BBD041}.Release|x86.Build.0 = Release|Win32
		{58DFF45B-9873-4D7C-BDB0-E772D22E5146}.Debug|x64.ActiveCfg = Debug|x64
		{58DFF45B-9873-4D7C-BDB0-E772D22E5146}.Debug|x64.Build.0 = Debug|x64
		{58DFF45B-9873-4D7C-BDB0-E772D22E5146}.Debug|x86.ActiveCfg = Debug|Win32
		{58DFF45B-9873-4D7C-BDB0-E772D22E5146}.Debug|x86.Build.0 = Debug|Win32
		{58DFF45B-9873-4D7C-BDB0-E772D22E5146}.Release|x64.ActiveCfg = Release|x64
		{58DFF45B-9873-4D7C-BDB0-E772D22E5146}.Release|x64.Build.0 = Release|x64
		{58DFF45B-9873-4D7C-BDB0-E772D22E5146}.Release|x86.ActiveCfg = Release|Win32
		{58DFF45B-9873-4D7C-BDB0-E772D22E5146}.Release|x86.Build.0 = Release|Win32
		{C8F5CB8F-D541-4E0D-8E7D-69FDAA107843}.Debug|x64.ActiveCfg = Debug|x64
		{C8F5CB8F-D541-4E0D-8E7D-69FDAA107843}.Debug|x64.Build.0 = Debug|x64
		{C8F5CB8F-D541-4E0D-8E7D-69FDAA107843}.Debug|x86.ActiveCfg = Debug|Win32
		{C8F5CB8F-D541-4E0D-8E7D-69FDAA107843}.Debug|x86.Build.0 = Debug|Win32
		{C8F5CB8F-D541-4E0D-8E7D-69FDAA107843}.Release|x64.ActiveCfg = Release|x64
		{C8F5CB8F-D541-4E0D-8E7D-69FDAA107843}.Release|x64.Build.0 = Release|x64
		{C8F5CB8F-D541-4E0D-8E7D-69FDAA107843}.Release|x86.ActiveCfg = Release|Win32
		{C8F5CB8F-D541-4E0D-8E7D-69FDAA107843}.Release|x86.Build.0 = Release|Win32
		{12F2D16A-E382-4B0A-B027-B47D2568749A}.Debug|x64.ActiveCfg = Debug|x64
		{12F2D16A-E382-4B0A-B027-B47D2568749A}.Debug|x64.Build.0 = Debug|x64
		{12F2D16A-E382-4B0A-B027-B47D2568749A}.Debug|x86.ActiveCfg = Debug|Win32
		{12F2D16A-E382-4B0A-B027-B47D2568749A}.Debug|x86.Build.0 = Debug|Win32
		{12F2D16A-E382-4B0A-B027-B47D2568749A}.Release|x64.ActiveCfg = Release|x64
		{12F2D16A-E382-4B0A-B027-B47D2568749A}.Release|x64.Build.0 = Release|x64
		{12F2D16A-E382-4B0A-B027-B47D2568749A}.Release|x86.ActiveCfg = Release|Win32
		{12F2D16A-E382-4B0A-B027-B47D2568749A}.Release|x86.Build.0 = Release|Win32
		{61721516-5EDA-4EB7-8CA1-FCBF1BC4E611}.Debug|x64.ActiveCfg = Debug|x64
		{61721516-5EDA-4EB7-8CA1-FCBF1BC4E611}.Debug|x64.Build.0 = Debug|x64
		{61721516-5EDA-4EB7-8CA1-FCBF1BC4E611}.Debug|x86.ActiveCfg = Debug|Win32
		{61721516-5EDA-4EB7-8CA1-FCBF1BC4E611}.Debug|x86.Build.0 = Debug|Win32
		{61721516-5EDA-4EB7-8CA1-FCBF1BC4E611}.Release|x64.ActiveCfg = Release|x64
		{61721516-5EDA-4EB7-8CA1-FCBF1BC4E611}.Release|x64.Build.0 = Release|x64
		{61721516-5EDA-4EB7-8CA1-FCBF1BC4E611}.Release|x86.ActiveCfg = Release|Win32
		{61721516-5EDA-4EB7-8CA1-FCBF1BC4E611}.Release|x86.Build.0 = Release|Win32
		{E25D5D2F-8CB1-42FA-9EDB-074B0C071E12}.Debug|x64.ActiveCfg = Debug|x64
		{E25D5D2F-8CB1-42FA-9EDB-074B0C071E12}.Debug|x64.Build.0 = Debug|x64
		{E25D5D2F-8CB1-42FA-9EDB-074B0C071E12}.Debug|x86.ActiveCfg = Debug|Win32
		{E25D5D2F-8CB1-42FA-9EDB-074B0C071E12}.Debug|x86.Build.0 = Debug|Win32
		{E25D5D2F-8CB1-42FA-9EDB-074B0C071E12}.Release|x64.ActiveCfg = Release|x64
		{E25D5D2F-8CB1-42FA-9EDB-074B0C071E12}.Release|x64.Build.0 = Release|x64
		{E25D5D2F-8CB1-42FA-9EDB-074B0C071E12}.Release|x86.ActiveCfg = Release|Win32
		{E25D5D2F-8CB1-42FA-9EDB-074B0C071E12}.Release|x86.Build.0 = Release|Win32
		{FEDAF9B2-983A-4A3D-B239-BF91DC4AAA53}.Debug|x64.ActiveCfg = Debug|x64
		{FEDAF9B2-983A-4A3D-B239-BF91DC4AAA53}.Debug|x64.Build.0 = Debug|x64
		{FEDAF9B2-983A-4A3D-B239-BF91DC4AAA53}.Debug|x86.ActiveCfg = Debug|Win32
		{FEDAF9B2-983A-4A3D-B239-BF91DC4AAA53}.Debug|x86.Build.0 = Debug|Win32
		{FEDAF9B2-983A-4A3D-B239-BF91DC4AAA53}.Release|x64.ActiveCfg = Release|x64
		{FEDAF9B2-983A-4A3D-B239-BF91DC4AAA53}.Release|x64.Build.0 = Release|x64
		{FEDAF9B2-983A-4A3D-B239-BF91DC4AAA53}.Release|x86.ActiveCfg = Release|Win32
		{FEDAF9B2-983A-4A3D-B239-BF91DC4AAA53}.Release|x86.Build.0 = Release|Win32
		{3BA5B7C9-5C6A-451B-A7B9-566FC6EF7CF1}.Debug|x64.ActiveCfg = Debug|x64
		{3BA5B7C9-5C6A-451B-A7B9-566FC6EF7CF1}.Debug|x64.Build.0 = Debug|x64
		{3BA5B7C9-5C6A-451B-A7B9-566FC6EF7CF1}.Debug|x86.ActiveCfg = Debug|Win32
		{3BA5B7C9-5C6A-451B-A7B9-566FC6EF7CF1}.Debug|x86.Build.0 = Debug|Win32
		{3BA5B7C9-5C6A-451B-A7B9-566FC6EF7CF1}.Release|x64.ActiveCfg = Release|x64
		{3BA5B7C9-5C6A-451B-A7B9-566FC6EF7CF1}.Release|x64.Build.0 = Release|x64
		{3BA5B7C9-5C6A-451B-A7B9-566FC6EF7CF1}.Release|x86.ActiveCfg = Release|Win32
		{3BA5B7C9-5C6A-451B-A7B9-566FC6EF7CF1}.Release|x86.Build.0 = Release|Win32
	EndGlobalSection
	GlobalSection(SolutionProperties) = preSolution
		HideSolutionNode = FALSE
	EndGlobalSection
	GlobalSection(ExtensibilityGlobals) = postSolution
		SolutionGuid = {5BE5B317-4899-4488-A69F-A64B69F9216D}
	EndGlobalSection
EndGlobal
